
Microsoft Visual Studio Solution File, Format Version 12.00
# Visual Studio Version 17
VisualStudioVersion = 17.1.32421.90
MinimumVisualStudioVersion = 10.0.40219.1
Project("{FAE04EC0-301F-11D3-BF4B-00C04F79EFBC}") = "PedidoAZ", "PedidoAZ\PedidoAZ.csproj", "{CD742450-4989-4FD0-8125-D4842636C962}"
EndProject
Global
	GlobalSection(SolutionConfigurationPlatforms) = preSolution
		Debug|Any CPU = Debug|Any CPU
		Release|Any CPU = Release|Any CPU
	EndGlobalSection
	GlobalSection(ProjectConfigurationPlatforms) = postSolution
		{CD742450-4989-4FD0-8125-D4842636C962}.Debug|Any CPU.ActiveCfg = Debug|Any CPU
		{CD742450-4989-4FD0-8125-D4842636C962}.Debug|Any CPU.Build.0 = Debug|Any CPU
		{CD742450-4989-4FD0-8125-D4842636C962}.Release|Any CPU.ActiveCfg = Release|Any CPU
		{CD742450-4989-4FD0-8125-D4842636C962}.Release|Any CPU.Build.0 = Release|Any CPU
	EndGlobalSection
	GlobalSection(SolutionProperties) = preSolution
		HideSolutionNode = FALSE
	EndGlobalSection
	GlobalSection(ExtensibilityGlobals) = postSolution
		SolutionGuid = {0FEAF4D7-62C1-48CC-A33A-832FFBA1832A}
	EndGlobalSection
EndGlobal
